
Microsoft Visual Studio Solution File, Format Version 12.00
# Visual Studio Version 16
VisualStudioVersion = 16.0.29613.14
MinimumVisualStudioVersion = 10.0.40219.1
Project("{FAE04EC0-301F-11D3-BF4B-00C04F79EFBC}") = "rockScissorsPaper", "rockScissorsPaper\rockScissorsPaper.csproj", "{CFC9071B-2244-4B8C-B3F0-659E2CFF25E3}"
EndProject
Global
	GlobalSection(SolutionConfigurationPlatforms) = preSolution
		Debug|Any CPU = Debug|Any CPU
		Release|Any CPU = Release|Any CPU
	EndGlobalSection
	GlobalSection(ProjectConfigurationPlatforms) = postSolution
		{CFC9071B-2244-4B8C-B3F0-659E2CFF25E3}.Debug|Any CPU.ActiveCfg = Debug|Any CPU
		{CFC9071B-2244-4B8C-B3F0-659E2CFF25E3}.Debug|Any CPU.Build.0 = Debug|Any CPU
		{CFC9071B-2244-4B8C-B3F0-659E2CFF25E3}.Release|Any CPU.ActiveCfg = Release|Any CPU
		{CFC9071B-2244-4B8C-B3F0-659E2CFF25E3}.Release|Any CPU.Build.0 = Release|Any CPU
	EndGlobalSection
	GlobalSection(SolutionProperties) = preSolution
		HideSolutionNode = FALSE
	EndGlobalSection
	GlobalSection(ExtensibilityGlobals) = postSolution
		SolutionGuid = {621533FE-3F6B-4B34-BAA1-A8689D77B0D9}
	EndGlobalSection
EndGlobal
